<?xml version="1.0" encoding="utf-8"?>
<Project ToolsVersion="4.0" xmlns="http://schemas.microsoft.com/developer/msbuild/2003">
  <ItemGroup>
    <Filter Include="Source Files">
      <UniqueIdentifier>{4FC737F1-C7A5-4376-A066-2A32D752A2FF}</UniqueIdentifier>
      <Extensions>cpp;c;cc;cxx;def;odl;idl;hpj;bat;asm;asmx</Extensions>
    </Filter>
    <Filter Include="Header Files">
      <UniqueIdentifier>{93995380-89BD-4b04-88EB-625FBE52EBFB}</UniqueIdentifier>
      <Extensions>h;hh;hpp;hxx;hm;inl;inc;ipp;xsd</Extensions>
    </Filter>
    <Filter Include="Shader Files">
      <UniqueIdentifier>{A9D6A3E4-2D9A-4F1C-8E2F-6B7F6D9E7B1A}</UniqueIdentifier>
      <Extensions>hlsl;hlsli;fx;fxh</Extensions>
    </Filter>
  </ItemGroup>
  <ItemGroup>
    <ClCompile Include="App.cpp">
      <Filter>Source Files</Filter>
    </ClCompile>
    <ClCompile Include="WinMain.cpp">
      <Filter>Source Files</Filter>
    </ClCompile>
  </ItemGroup>
  <ItemGroup>
    <ClInclude Include="App.h">
      <Filter>Header Files</Filter>
    </ClInclude>
  </ItemGroup>
  <ItemGroup>
    <CopyFileToFolders Include="Shaders.hlsl">
      <Filter>Shader Files</Filter>
    </CopyFileToFolders>
    <CopyFileToFolders Include="SkyboxShaders.hlsl">
      <Filter>Shader Files</Filter>
    </CopyFileToFolders>
    <CopyFileToFolders Include="ShadowShaders.hlsl">
      <Filter>Shader Files</Filter>
    </CopyFileToFolders>
    <CopyFileToFolders Include="BlurCompute.hlsl">
      <Filter>Shader Files</Filter>
    </CopyFileToFolders>
    <CopyFileToFolders Include="BrightPass.hlsl">
      <Filter>Shader Files</Filter>
    </CopyFileToFolders>
    <CopyFileToFolders Include="Tonemap.hlsl">
      <Filter>Shader Files</Filter>
    </CopyFileToFolders>
  </ItemGroup>
</Project>
